// !$*UTF8*$!
{
	archiveVersion = 1;
	classes = {
	};
	objectVersion = 50;
	objects = {

/* Begin PBXBuildFile section */
		CD4B74572676DCE30003DA85 /* HomeApp.swift in Sources */ = {isa = PBXBuildFile; fileRef = CD4B74562676DCE30003DA85 /* HomeApp.swift */; };
		CD4B745B2676DCEB0003DA85 /* Assets.xcassets in Resources */ = {isa = PBXBuildFile; fileRef = CD4B745A2676DCEB0003DA85 /* Assets.xcassets */; };
		CD4B745E2676DCEB0003DA85 /* Preview Assets.xcassets in Resources */ = {isa = PBXBuildFile; fileRef = CD4B745D2676DCEB0003DA85 /* Preview Assets.xcassets */; };
		CD4B74662676DF410003DA85 /* HomeDevice.swift in Sources */ = {isa = PBXBuildFile; fileRef = CD4B74652676DF410003DA85 /* HomeDevice.swift */; };
		CD4B746A2676E0510003DA85 /* HomeViewModel.swift in Sources */ = {isa = PBXBuildFile; fileRef = CD4B74692676E0510003DA85 /* HomeViewModel.swift */; };
		CD4B746C2676E1000003DA85 /* HomePage.swift in Sources */ = {isa = PBXBuildFile; fileRef = CD4B746B2676E1000003DA85 /* HomePage.swift */; };
		CD4B746E2676E1930003DA85 /* DevicePage.swift in Sources */ = {isa = PBXBuildFile; fileRef = CD4B746D2676E1930003DA85 /* DevicePage.swift */; };
		CD4B74702676E19F0003DA85 /* Previews.swift in Sources */ = {isa = PBXBuildFile; fileRef = CD4B746F2676E19F0003DA85 /* Previews.swift */; };
		CD875497277A9B3400525E8C /* OptionViews.swift in Sources */ = {isa = PBXBuildFile; fileRef = CD875496277A9B3400525E8C /* OptionViews.swift */; };
/* End PBXBuildFile section */

/* Begin PBXFileReference section */
		CD4B74532676DCE30003DA85 /* Home.app */ = {isa = PBXFileReference; explicitFileType = wrapper.application; includeInIndex = 0; path = Home.app; sourceTree = BUILT_PRODUCTS_DIR; };
		CD4B74562676DCE30003DA85 /* HomeApp.swift */ = {isa = PBXFileReference; lastKnownFileType = sourcecode.swift; path = HomeApp.swift; sourceTree = "<group>"; };
		CD4B745A2676DCEB0003DA85 /* Assets.xcassets */ = {isa = PBXFileReference; lastKnownFileType = folder.assetcatalog; path = Assets.xcassets; sourceTree = "<group>"; };
		CD4B745D2676DCEB0003DA85 /* Preview Assets.xcassets */ = {isa = PBXFileReference; lastKnownFileType = folder.assetcatalog; path = "Preview Assets.xcassets"; sourceTree = "<group>"; };
		CD4B745F2676DCEB0003DA85 /* Info.plist */ = {isa = PBXFileReference; lastKnownFileType = text.plist.xml; path = Info.plist; sourceTree = "<group>"; };
		CD4B74652676DF410003DA85 /* HomeDevice.swift */ = {isa = PBXFileReference; lastKnownFileType = sourcecode.swift; path = HomeDevice.swift; sourceTree = "<group>"; };
		CD4B74692676E0510003DA85 /* HomeViewModel.swift */ = {isa = PBXFileReference; lastKnownFileType = sourcecode.swift; path = HomeViewModel.swift; sourceTree = "<group>"; };
		CD4B746B2676E1000003DA85 /* HomePage.swift */ = {isa = PBXFileReference; lastKnownFileType = sourcecode.swift; path = HomePage.swift; sourceTree = "<group>"; };
		CD4B746D2676E1930003DA85 /* DevicePage.swift */ = {isa = PBXFileReference; lastKnownFileType = sourcecode.swift; path = DevicePage.swift; sourceTree = "<group>"; };
		CD4B746F2676E19F0003DA85 /* Previews.swift */ = {isa = PBXFileReference; lastKnownFileType = sourcecode.swift; path = Previews.swift; sourceTree = "<group>"; };
		CD875496277A9B3400525E8C /* OptionViews.swift */ = {isa = PBXFileReference; lastKnownFileType = sourcecode.swift; path = OptionViews.swift; sourceTree = "<group>"; };
/* End PBXFileReference section */

/* Begin PBXFrameworksBuildPhase section */
		CD4B74502676DCE30003DA85 /* Frameworks */ = {
			isa = PBXFrameworksBuildPhase;
			buildActionMask = 2147483647;
			files = (
			);
			runOnlyForDeploymentPostprocessing = 0;
		};
/* End PBXFrameworksBuildPhase section */

/* Begin PBXGroup section */
		CD4B744A2676DCE30003DA85 = {
			isa = PBXGroup;
			children = (
				CD4B74552676DCE30003DA85 /* Home */,
				CD4B74542676DCE30003DA85 /* Products */,
			);
			sourceTree = "<group>";
		};
		CD4B74542676DCE30003DA85 /* Products */ = {
			isa = PBXGroup;
			children = (
				CD4B74532676DCE30003DA85 /* Home.app */,
			);
			name = Products;
			sourceTree = "<group>";
		};
		CD4B74552676DCE30003DA85 /* Home */ = {
			isa = PBXGroup;
			children = (
				CD4B74682676DFEF0003DA85 /* Models */,
				CD4B74672676DFE80003DA85 /* Views */,
				CD4B74562676DCE30003DA85 /* HomeApp.swift */,
				CD4B745A2676DCEB0003DA85 /* Assets.xcassets */,
				CD4B745F2676DCEB0003DA85 /* Info.plist */,
				CD4B745C2676DCEB0003DA85 /* Preview Content */,
				CD4B74692676E0510003DA85 /* HomeViewModel.swift */,
			);
			path = Home;
			sourceTree = "<group>";
		};
		CD4B745C2676DCEB0003DA85 /* Preview Content */ = {
			isa = PBXGroup;
			children = (
				CD4B746F2676E19F0003DA85 /* Previews.swift */,
				CD4B745D2676DCEB0003DA85 /* Preview Assets.xcassets */,
			);
			path = "Preview Content";
			sourceTree = "<group>";
		};
		CD4B74672676DFE80003DA85 /* Views */ = {
			isa = PBXGroup;
			children = (
				CD4B746B2676E1000003DA85 /* HomePage.swift */,
				CD4B746D2676E1930003DA85 /* DevicePage.swift */,
				CD875496277A9B3400525E8C /* OptionViews.swift */,
			);
			path = Views;
			sourceTree = "<group>";
		};
		CD4B74682676DFEF0003DA85 /* Models */ = {
			isa = PBXGroup;
			children = (
				CD4B74652676DF410003DA85 /* HomeDevice.swift */,
			);
			path = Models;
			sourceTree = "<group>";
		};
/* End PBXGroup section */

/* Begin PBXNativeTarget section */
		CD4B74522676DCE30003DA85 /* Home */ = {
			isa = PBXNativeTarget;
			buildConfigurationList = CD4B74622676DCEB0003DA85 /* Build configuration list for PBXNativeTarget "Home" */;
			buildPhases = (
				CD4B744F2676DCE30003DA85 /* Sources */,
				CD4B74502676DCE30003DA85 /* Frameworks */,
				CD4B74512676DCE30003DA85 /* Resources */,
			);
			buildRules = (
			);
			dependencies = (
			);
			name = Home;
			productName = Home;
			productReference = CD4B74532676DCE30003DA85 /* Home.app */;
			productType = "com.apple.product-type.application";
		};
/* End PBXNativeTarget section */

/* Begin PBXProject section */
		CD4B744B2676DCE30003DA85 /* Project object */ = {
			isa = PBXProject;
			attributes = {
				LastSwiftUpdateCheck = 1250;
				LastUpgradeCheck = 1250;
				TargetAttributes = {
					CD4B74522676DCE30003DA85 = {
						CreatedOnToolsVersion = 12.5;
					};
				};
			};
			buildConfigurationList = CD4B744E2676DCE30003DA85 /* Build configuration list for PBXProject "Home" */;
			compatibilityVersion = "Xcode 9.3";
			developmentRegion = en;
			hasScannedForEncodings = 0;
			knownRegions = (
				en,
				Base,
			);
			mainGroup = CD4B744A2676DCE30003DA85;
			productRefGroup = CD4B74542676DCE30003DA85 /* Products */;
			projectDirPath = "";
			projectRoot = "";
			targets = (
				CD4B74522676DCE30003DA85 /* Home */,
			);
		};
/* End PBXProject section */

/* Begin PBXResourcesBuildPhase section */
		CD4B74512676DCE30003DA85 /* Resources */ = {
			isa = PBXResourcesBuildPhase;
			buildActionMask = 2147483647;
			files = (
				CD4B745E2676DCEB0003DA85 /* Preview Assets.xcassets in Resources */,
				CD4B745B2676DCEB0003DA85 /* Assets.xcassets in Resources */,
			);
			runOnlyForDeploymentPostprocessing = 0;
		};
/* End PBXResourcesBuildPhase section */

/* Begin PBXSourcesBuildPhase section */
		CD4B744F2676DCE30003DA85 /* Sources */ = {
			isa = PBXSourcesBuildPhase;
			buildActionMask = 2147483647;
			files = (
				CD4B746C2676E1000003DA85 /* HomePage.swift in Sources */,
				CD4B74662676DF410003DA85 /* HomeDevice.swift in Sources */,
				CD4B74572676DCE30003DA85 /* HomeApp.swift in Sources */,
				CD4B746E2676E1930003DA85 /* DevicePage.swift in Sources */,
				CD875497277A9B3400525E8C /* OptionViews.swift in Sources */,
				CD4B746A2676E0510003DA85 /* HomeViewModel.swift in Sources */,
				CD4B74702676E19F0003DA85 /* Previews.swift in Sources */,
			);
			runOnlyForDeploymentPostprocessing = 0;
		};
/* End PBXSourcesBuildPhase section */

/* Begin XCBuildConfiguration section */
		CD4B74602676DCEB0003DA85 /* Debug */ = {
			isa = XCBuildConfiguration;
			buildSettings = {
				ALWAYS_SEARCH_USER_PATHS = NO;
				CLANG_ANALYZER_NONNULL = YES;
				CLANG_ANALYZER_NUMBER_OBJECT_CONVERSION = YES_AGGRESSIVE;
				CLANG_CXX_LANGUAGE_STANDARD = "gnu++14";
				CLANG_CXX_LIBRARY = "libc++";
				CLANG_ENABLE_MODULES = YES;
				CLANG_ENABLE_OBJC_ARC = YES;
				CLANG_ENABLE_OBJC_WEAK = YES;
				CLANG_WARN_BLOCK_CAPTURE_AUTORELEASING = YES;
				CLANG_WARN_BOOL_CONVERSION = YES;
				CLANG_WARN_COMMA = YES;
				CLANG_WARN_CONSTANT_CONVERSION = YES;
				CLANG_WARN_DEPRECATED_OBJC_IMPLEMENTATIONS = YES;
				CLANG_WARN_DIRECT_OBJC_ISA_USAGE = YES_ERROR;
				CLANG_WARN_DOCUMENTATION_COMMENTS = YES;
				CLANG_WARN_EMPTY_BODY = YES;
				CLANG_WARN_ENUM_CONVERSION = YES;
				CLANG_WARN_INFINITE_RECURSION = YES;
				CLANG_WARN_INT_CONVERSION = YES;
				CLANG_WARN_NON_LITERAL_NULL_CONVERSION = YES;
				CLANG_WARN_OBJC_IMPLICIT_RETAIN_SELF = YES;
				CLANG_WARN_OBJC_LITERAL_CONVERSION = YES;
				CLANG_WARN_OBJC_ROOT_CLASS = YES_ERROR;
				CLANG_WARN_QUOTED_INCLUDE_IN_FRAMEWORK_HEADER = YES;
				CLANG_WARN_RANGE_LOOP_ANALYSIS = YES;
				CLANG_WARN_STRICT_PROTOTYPES = YES;
				CLANG_WARN_SUSPICIOUS_MOVE = YES;
				CLANG_WARN_UNGUARDED_AVAILABILITY = YES_AGGRESSIVE;
				CLANG_WARN_UNREACHABLE_CODE = YES;
				CLANG_WARN__DUPLICATE_METHOD_MATCH = YES;
				COPY_PHASE_STRIP = NO;
				DEBUG_INFORMATION_FORMAT = dwarf;
				ENABLE_STRICT_OBJC_MSGSEND = YES;
				ENABLE_TESTABILITY = YES;
				GCC_C_LANGUAGE_STANDARD = gnu11;
				GCC_DYNAMIC_NO_PIC = NO;
				GCC_NO_COMMON_BLOCKS = YES;
				GCC_OPTIMIZATION_LEVEL = 0;
				GCC_PREPROCESSOR_DEFINITIONS = (
					"DEBUG=1",
					"$(inherited)",
				);
				GCC_WARN_64_TO_32_BIT_CONVERSION = YES;
				GCC_WARN_ABOUT_RETURN_TYPE = YES_ERROR;
				GCC_WARN_UNDECLARED_SELECTOR = YES;
				GCC_WARN_UNINITIALIZED_AUTOS = YES_AGGRESSIVE;
				GCC_WARN_UNUSED_FUNCTION = YES;
				GCC_WARN_UNUSED_VARIABLE = YES;
				IPHONEOS_DEPLOYMENT_TARGET = 14.5;
				MTL_ENABLE_DEBUG_INFO = INCLUDE_SOURCE;
				MTL_FAST_MATH = YES;
				ONLY_ACTIVE_ARCH = YES;
				SDKROOT = iphoneos;
				SWIFT_ACTIVE_COMPILATION_CONDITIONS = DEBUG;
				SWIFT_OPTIMIZATION_LEVEL = "-Onone";
			};
			name = Debug;
		};
		CD4B74612676DCEB0003DA85 /* Release */ = {
			isa = XCBuildConfiguration;
			buildSettings = {
				ALWAYS_SEARCH_USER_PATHS = NO;
				CLANG_ANALYZER_NONNULL = YES;
				CLANG_ANALYZER_NUMBER_OBJECT_CONVERSION = YES_AGGRESSIVE;
				CLANG_CXX_LANGUAGE_STANDARD = "gnu++14";
				CLANG_CXX_LIBRARY = "libc++";
				CLANG_ENABLE_MODULES = YES;
				CLANG_ENABLE_OBJC_ARC = YES;
				CLANG_ENABLE_OBJC_WEAK = YES;
				CLANG_WARN_BLOCK_CAPTURE_AUTORELEASING = YES;
				CLANG_WARN_BOOL_CONVERSION = YES;
				CLANG_WARN_COMMA = YES;
				CLANG_WARN_CONSTANT_CONVERSION = YES;
				CLANG_WARN_DEPRECATED_OBJC_IMPLEMENTATIONS = YES;
				CLANG_WARN_DIRECT_OBJC_ISA_USAGE = YES_ERROR;
				CLANG_WARN_DOCUMENTATION_COMMENTS = YES;
				CLANG_WARN_EMPTY_BODY = YES;
				CLANG_WARN_ENUM_CONVERSION = YES;
				CLANG_WARN_INFINITE_RECURSION = YES;
				CLANG_WARN_INT_CONVERSION = YES;
				CLANG_WARN_NON_LITERAL_NULL_CONVERSION = YES;
				CLANG_WARN_OBJC_IMPLICIT_RETAIN_SELF = YES;
				CLANG_WARN_OBJC_LITERAL_CONVERSION = YES;
				CLANG_WARN_OBJC_ROOT_CLASS = YES_ERROR;
				CLANG_WARN_QUOTED_INCLUDE_IN_FRAMEWORK_HEADER = YES;
				CLANG_WARN_RANGE_LOOP_ANALYSIS = YES;
				CLANG_WARN_STRICT_PROTOTYPES = YES;
				CLANG_WARN_SUSPICIOUS_MOVE = YES;
				CLANG_WARN_UNGUARDED_AVAILABILITY = YES_AGGRESSIVE;
				CLANG_WARN_UNREACHABLE_CODE = YES;
				CLANG_WARN__DUPLICATE_METHOD_MATCH = YES;
				COPY_PHASE_STRIP = NO;
				DEBUG_INFORMATION_FORMAT = "dwarf-with-dsym";
				ENABLE_NS_ASSERTIONS = NO;
				ENABLE_STRICT_OBJC_MSGSEND = YES;
				GCC_C_LANGUAGE_STANDARD = gnu11;
				GCC_NO_COMMON_BLOCKS = YES;
				GCC_WARN_64_TO_32_BIT_CONVERSION = YES;
				GCC_WARN_ABOUT_RETURN_TYPE = YES_ERROR;
				GCC_WARN_UNDECLARED_SELECTOR = YES;
				GCC_WARN_UNINITIALIZED_AUTOS = YES_AGGRESSIVE;
				GCC_WARN_UNUSED_FUNCTION = YES;
				GCC_WARN_UNUSED_VARIABLE = YES;
				IPHONEOS_DEPLOYMENT_TARGET = 14.5;
				MTL_ENABLE_DEBUG_INFO = NO;
				MTL_FAST_MATH = YES;
				SDKROOT = iphoneos;
				SWIFT_COMPILATION_MODE = wholemodule;
				SWIFT_OPTIMIZATION_LEVEL = "-O";
				VALIDATE_PRODUCT = YES;
			};
			name = Release;
		};
		CD4B74632676DCEB0003DA85 /* Debug */ = {
			isa = XCBuildConfiguration;
			buildSettings = {
				ASSETCATALOG_COMPILER_APPICON_NAME = AppIcon;
				ASSETCATALOG_COMPILER_GLOBAL_ACCENT_COLOR_NAME = AccentColor;
				CODE_SIGN_STYLE = Automatic;
				DEVELOPMENT_ASSET_PATHS = "\"Home/Preview Content\"";
				DEVELOPMENT_TEAM = 3NY9C5X66Z;
				ENABLE_PREVIEWS = YES;
				INFOPLIST_FILE = Home/Info.plist;
				IPHONEOS_DEPLOYMENT_TARGET = 14.0;
				LD_RUNPATH_SEARCH_PATHS = (
					"$(inherited)",
					"@executable_path/Frameworks",
				);
				PRODUCT_BUNDLE_IDENTIFIER = com.patrickhirsh.Home;
				PRODUCT_NAME = "$(TARGET_NAME)";
				SWIFT_VERSION = 5.0;
				TARGETED_DEVICE_FAMILY = "1,2";
			};
			name = Debug;
		};
		CD4B74642676DCEB0003DA85 /* Release */ = {
			isa = XCBuildConfiguration;
			buildSettings = {
				ASSETCATALOG_COMPILER_APPICON_NAME = AppIcon;
				ASSETCATALOG_COMPILER_GLOBAL_ACCENT_COLOR_NAME = AccentColor;
				CODE_SIGN_STYLE = Automatic;
				DEVELOPMENT_ASSET_PATHS = "\"Home/Preview Content\"";
				DEVELOPMENT_TEAM = 3NY9C5X66Z;
				ENABLE_PREVIEWS = YES;
				INFOPLIST_FILE = Home/Info.plist;
				IPHONEOS_DEPLOYMENT_TARGET = 14.0;
				LD_RUNPATH_SEARCH_PATHS = (
					"$(inherited)",
					"@executable_path/Frameworks",
				);
				PRODUCT_BUNDLE_IDENTIFIER = com.patrickhirsh.Home;
				PRODUCT_NAME = "$(TARGET_NAME)";
				SWIFT_VERSION = 5.0;
				TARGETED_DEVICE_FAMILY = "1,2";
			};
			name = Release;
		};
/* End XCBuildConfiguration section */

/* Begin XCConfigurationList section */
		CD4B744E2676DCE30003DA85 /* Build configuration list for PBXProject "Home" */ = {
			isa = XCConfigurationList;
			buildConfigurations = (
				CD4B74602676DCEB0003DA85 /* Debug */,
				CD4B74612676DCEB0003DA85 /* Release */,
			);
			defaultConfigurationIsVisible = 0;
			defaultConfigurationName = Release;
		};
		CD4B74622676DCEB0003DA85 /* Build configuration list for PBXNativeTarget "Home" */ = {
			isa = XCConfigurationList;
			buildConfigurations = (
				CD4B74632676DCEB0003DA85 /* Debug */,
				CD4B74642676DCEB0003DA85 /* Release */,
			);
			defaultConfigurationIsVisible = 0;
			defaultConfigurationName = Release;
		};
/* End XCConfigurationList section */
	};
	rootObject = CD4B744B2676DCE30003DA85 /* Project object */;
}
